// !$*UTF8*$!
{
	archiveVersion = 1;
	classes = {
	};
	objectVersion = 50;
	objects = {

/* Begin PBXBuildFile section */
		5D1712BFAA038F647496D416 /* libPods-LZDemo.a in Frameworks */ = {isa = PBXBuildFile; fileRef = EF399379302CBE6819B20817 /* libPods-LZDemo.a */; };
		8ECCB1B226158A0400A4484C /* AppDelegate.m in Sources */ = {isa = PBXBuildFile; fileRef = 8ECCB1B126158A0400A4484C /* AppDelegate.m */; };
		8ECCB1B526158A0400A4484C /* SceneDelegate.m in Sources */ = {isa = PBXBuildFile; fileRef = 8ECCB1B426158A0400A4484C /* SceneDelegate.m */; };
		8ECCB1B826158A0400A4484C /* ViewController.m in Sources */ = {isa = PBXBuildFile; fileRef = 8ECCB1B726158A0400A4484C /* ViewController.m */; };
		8ECCB1BB26158A0400A4484C /* Main.storyboard in Resources */ = {isa = PBXBuildFile; fileRef = 8ECCB1B926158A0400A4484C /* Main.storyboard */; };
		8ECCB1BD26158A0600A4484C /* Assets.xcassets in Resources */ = {isa = PBXBuildFile; fileRef = 8ECCB1BC26158A0600A4484C /* Assets.xcassets */; };
		8ECCB1C026158A0600A4484C /* LaunchScreen.storyboard in Resources */ = {isa = PBXBuildFile; fileRef = 8ECCB1BE26158A0600A4484C /* LaunchScreen.storyboard */; };
		8ECCB1C326158A0600A4484C /* main.m in Sources */ = {isa = PBXBuildFile; fileRef = 8ECCB1C226158A0600A4484C /* main.m */; };
/* End PBXBuildFile section */

/* Begin PBXFileReference section */
		374C6D987C1DCA214D499DB8 /* Pods-LZDemo.debug.xcconfig */ = {isa = PBXFileReference; includeInIndex = 1; lastKnownFileType = text.xcconfig; name = "Pods-LZDemo.debug.xcconfig"; path = "Target Support Files/Pods-LZDemo/Pods-LZDemo.debug.xcconfig"; sourceTree = "<group>"; };
		8E52CD902615CFD50098AE53 /* M1配置ReactNative环境.md */ = {isa = PBXFileReference; lastKnownFileType = net.daringfireball.markdown; path = "M1配置ReactNative环境.md"; sourceTree = "<group>"; };
		8ECCB1AD26158A0400A4484C /* LZDemo.app */ = {isa = PBXFileReference; explicitFileType = wrapper.application; includeInIndex = 0; path = LZDemo.app; sourceTree = BUILT_PRODUCTS_DIR; };
		8ECCB1B026158A0400A4484C /* AppDelegate.h */ = {isa = PBXFileReference; lastKnownFileType = sourcecode.c.h; path = AppDelegate.h; sourceTree = "<group>"; };
		8ECCB1B126158A0400A4484C /* AppDelegate.m */ = {isa = PBXFileReference; lastKnownFileType = sourcecode.c.objc; path = AppDelegate.m; sourceTree = "<group>"; };
		8ECCB1B326158A0400A4484C /* SceneDelegate.h */ = {isa = PBXFileReference; lastKnownFileType = sourcecode.c.h; path = SceneDelegate.h; sourceTree = "<group>"; };
		8ECCB1B426158A0400A4484C /* SceneDelegate.m */ = {isa = PBXFileReference; lastKnownFileType = sourcecode.c.objc; path = SceneDelegate.m; sourceTree = "<group>"; };
		8ECCB1B626158A0400A4484C /* ViewController.h */ = {isa = PBXFileReference; lastKnownFileType = sourcecode.c.h; path = ViewController.h; sourceTree = "<group>"; };
		8ECCB1B726158A0400A4484C /* ViewController.m */ = {isa = PBXFileReference; lastKnownFileType = sourcecode.c.objc; path = ViewController.m; sourceTree = "<group>"; };
		8ECCB1BA26158A0400A4484C /* Base */ = {isa = PBXFileReference; lastKnownFileType = file.storyboard; name = Base; path = Base.lproj/Main.storyboard; sourceTree = "<group>"; };
		8ECCB1BC26158A0600A4484C /* Assets.xcassets */ = {isa = PBXFileReference; lastKnownFileType = folder.assetcatalog; path = Assets.xcassets; sourceTree = "<group>"; };
		8ECCB1BF26158A0600A4484C /* Base */ = {isa = PBXFileReference; lastKnownFileType = file.storyboard; name = Base; path = Base.lproj/LaunchScreen.storyboard; sourceTree = "<group>"; };
		8ECCB1C126158A0600A4484C /* Info.plist */ = {isa = PBXFileReference; lastKnownFileType = text.plist.xml; path = Info.plist; sourceTree = "<group>"; };
		8ECCB1C226158A0600A4484C /* main.m */ = {isa = PBXFileReference; lastKnownFileType = sourcecode.c.objc; path = main.m; sourceTree = "<group>"; };
		A4F83016777F360E5524D187 /* Pods-LZDemo.release.xcconfig */ = {isa = PBXFileReference; includeInIndex = 1; lastKnownFileType = text.xcconfig; name = "Pods-LZDemo.release.xcconfig"; path = "Target Support Files/Pods-LZDemo/Pods-LZDemo.release.xcconfig"; sourceTree = "<group>"; };
		EF399379302CBE6819B20817 /* libPods-LZDemo.a */ = {isa = PBXFileReference; explicitFileType = archive.ar; includeInIndex = 0; path = "libPods-LZDemo.a"; sourceTree = BUILT_PRODUCTS_DIR; };
/* End PBXFileReference section */

/* Begin PBXFrameworksBuildPhase section */
		8ECCB1AA26158A0400A4484C /* Frameworks */ = {
			isa = PBXFrameworksBuildPhase;
			buildActionMask = 2147483647;
			files = (
				5D1712BFAA038F647496D416 /* libPods-LZDemo.a in Frameworks */,
			);
			runOnlyForDeploymentPostprocessing = 0;
		};
/* End PBXFrameworksBuildPhase section */

/* Begin PBXGroup section */
		5118801E2935F0A49CDD4F61 /* Pods */ = {
			isa = PBXGroup;
			children = (
				374C6D987C1DCA214D499DB8 /* Pods-LZDemo.debug.xcconfig */,
				A4F83016777F360E5524D187 /* Pods-LZDemo.release.xcconfig */,
			);
			path = Pods;
			sourceTree = "<group>";
		};
		8ECCB1A426158A0400A4484C = {
			isa = PBXGroup;
			children = (
				8ECCB1AF26158A0400A4484C /* LZDemo */,
				8ECCB1AE26158A0400A4484C /* Products */,
				5118801E2935F0A49CDD4F61 /* Pods */,
				FF2242650B9AD90F606135A4 /* Frameworks */,
			);
			sourceTree = "<group>";
		};
		8ECCB1AE26158A0400A4484C /* Products */ = {
			isa = PBXGroup;
			children = (
				8ECCB1AD26158A0400A4484C /* LZDemo.app */,
			);
			name = Products;
			sourceTree = "<group>";
		};
		8ECCB1AF26158A0400A4484C /* LZDemo */ = {
			isa = PBXGroup;
			children = (
				8ECCB1B026158A0400A4484C /* AppDelegate.h */,
				8ECCB1B126158A0400A4484C /* AppDelegate.m */,
				8ECCB1B326158A0400A4484C /* SceneDelegate.h */,
				8ECCB1B426158A0400A4484C /* SceneDelegate.m */,
				8E52CD902615CFD50098AE53 /* M1配置ReactNative环境.md */,
				8ECCB1B626158A0400A4484C /* ViewController.h */,
				8ECCB1B726158A0400A4484C /* ViewController.m */,
				8ECCB1B926158A0400A4484C /* Main.storyboard */,
				8ECCB1BC26158A0600A4484C /* Assets.xcassets */,
				8ECCB1BE26158A0600A4484C /* LaunchScreen.storyboard */,
				8ECCB1C126158A0600A4484C /* Info.plist */,
				8ECCB1C226158A0600A4484C /* main.m */,
			);
			path = LZDemo;
			sourceTree = "<group>";
		};
		FF2242650B9AD90F606135A4 /* Frameworks */ = {
			isa = PBXGroup;
			children = (
				EF399379302CBE6819B20817 /* libPods-LZDemo.a */,
			);
			name = Frameworks;
			sourceTree = "<group>";
		};
/* End PBXGroup section */

/* Begin PBXNativeTarget section */
		8ECCB1AC26158A0400A4484C /* LZDemo */ = {
			isa = PBXNativeTarget;
			buildConfigurationList = 8ECCB1C626158A0600A4484C /* Build configuration list for PBXNativeTarget "LZDemo" */;
			buildPhases = (
				0DD850DCD857B23D70723ADF /* [CP] Check Pods Manifest.lock */,
				8ECCB1A926158A0400A4484C /* Sources */,
				8ECCB1AA26158A0400A4484C /* Frameworks */,
				8ECCB1AB26158A0400A4484C /* Resources */,
			);
			buildRules = (
			);
			dependencies = (
			);
			name = LZDemo;
			productName = LZDemo;
			productReference = 8ECCB1AD26158A0400A4484C /* LZDemo.app */;
			productType = "com.apple.product-type.application";
		};
/* End PBXNativeTarget section */

/* Begin PBXProject section */
		8ECCB1A526158A0400A4484C /* Project object */ = {
			isa = PBXProject;
			attributes = {
				LastUpgradeCheck = 1240;
				TargetAttributes = {
					8ECCB1AC26158A0400A4484C = {
						CreatedOnToolsVersion = 12.4;
					};
				};
			};
			buildConfigurationList = 8ECCB1A826158A0400A4484C /* Build configuration list for PBXProject "LZDemo" */;
			compatibilityVersion = "Xcode 9.3";
			developmentRegion = en;
			hasScannedForEncodings = 0;
			knownRegions = (
				en,
				Base,
			);
			mainGroup = 8ECCB1A426158A0400A4484C;
			productRefGroup = 8ECCB1AE26158A0400A4484C /* Products */;
			projectDirPath = "";
			projectRoot = "";
			targets = (
				8ECCB1AC26158A0400A4484C /* LZDemo */,
			);
		};
/* End PBXProject section */

/* Begin PBXResourcesBuildPhase section */
		8ECCB1AB26158A0400A4484C /* Resources */ = {
			isa = PBXResourcesBuildPhase;
			buildActionMask = 2147483647;
			files = (
				8ECCB1C026158A0600A4484C /* LaunchScreen.storyboard in Resources */,
				8ECCB1BD26158A0600A4484C /* Assets.xcassets in Resources */,
				8ECCB1BB26158A0400A4484C /* Main.storyboard in Resources */,
			);
			runOnlyForDeploymentPostprocessing = 0;
		};
/* End PBXResourcesBuildPhase section */

/* Begin PBXShellScriptBuildPhase section */
		0DD850DCD857B23D70723ADF /* [CP] Check Pods Manifest.lock */ = {
			isa = PBXShellScriptBuildPhase;
			buildActionMask = 2147483647;
			files = (
			);
			inputFileListPaths = (
			);
			inputPaths = (
				"${PODS_PODFILE_DIR_PATH}/Podfile.lock",
				"${PODS_ROOT}/Manifest.lock",
			);
			name = "[CP] Check Pods Manifest.lock";
			outputFileListPaths = (
			);
			outputPaths = (
				"$(DERIVED_FILE_DIR)/Pods-LZDemo-checkManifestLockResult.txt",
			);
			runOnlyForDeploymentPostprocessing = 0;
			shellPath = /bin/sh;
			shellScript = "diff \"${PODS_PODFILE_DIR_PATH}/Podfile.lock\" \"${PODS_ROOT}/Manifest.lock\" > /dev/null\nif [ $? != 0 ] ; then\n    # print error to STDERR\n    echo \"error: The sandbox is not in sync with the Podfile.lock. Run 'pod install' or update your CocoaPods installation.\" >&2\n    exit 1\nfi\n# This output is used by Xcode 'outputs' to avoid re-running this script phase.\necho \"SUCCESS\" > \"${SCRIPT_OUTPUT_FILE_0}\"\n";
			showEnvVarsInLog = 0;
		};
/* End PBXShellScriptBuildPhase section */

/* Begin PBXSourcesBuildPhase section */
		8ECCB1A926158A0400A4484C /* Sources */ = {
			isa = PBXSourcesBuildPhase;
			buildActionMask = 2147483647;
			files = (
				8ECCB1B826158A0400A4484C /* ViewController.m in Sources */,
				8ECCB1B226158A0400A4484C /* AppDelegate.m in Sources */,
				8ECCB1C326158A0600A4484C /* main.m in Sources */,
				8ECCB1B526158A0400A4484C /* SceneDelegate.m in Sources */,
			);
			runOnlyForDeploymentPostprocessing = 0;
		};
/* End PBXSourcesBuildPhase section */

/* Begin PBXVariantGroup section */
		8ECCB1B926158A0400A4484C /* Main.storyboard */ = {
			isa = PBXVariantGroup;
			children = (
				8ECCB1BA26158A0400A4484C /* Base */,
			);
			name = Main.storyboard;
			sourceTree = "<group>";
		};
		8ECCB1BE26158A0600A4484C /* LaunchScreen.storyboard */ = {
			isa = PBXVariantGroup;
			children = (
				8ECCB1BF26158A0600A4484C /* Base */,
			);
			name = LaunchScreen.storyboard;
			sourceTree = "<group>";
		};
/* End PBXVariantGroup section */

/* Begin XCBuildConfiguration section */
		8ECCB1C426158A0600A4484C /* Debug */ = {
			isa = XCBuildConfiguration;
			buildSettings = {
				ALWAYS_SEARCH_USER_PATHS = NO;
				CLANG_ANALYZER_NONNULL = YES;
				CLANG_ANALYZER_NUMBER_OBJECT_CONVERSION = YES_AGGRESSIVE;
				CLANG_CXX_LANGUAGE_STANDARD = "gnu++14";
				CLANG_CXX_LIBRARY = "libc++";
				CLANG_ENABLE_MODULES = YES;
				CLANG_ENABLE_OBJC_ARC = YES;
				CLANG_ENABLE_OBJC_WEAK = YES;
				CLANG_WARN_BLOCK_CAPTURE_AUTORELEASING = YES;
				CLANG_WARN_BOOL_CONVERSION = YES;
				CLANG_WARN_COMMA = YES;
				CLANG_WARN_CONSTANT_CONVERSION = YES;
				CLANG_WARN_DEPRECATED_OBJC_IMPLEMENTATIONS = YES;
				CLANG_WARN_DIRECT_OBJC_ISA_USAGE = YES_ERROR;
				CLANG_WARN_DOCUMENTATION_COMMENTS = YES;
				CLANG_WARN_EMPTY_BODY = YES;
				CLANG_WARN_ENUM_CONVERSION = YES;
				CLANG_WARN_INFINITE_RECURSION = YES;
				CLANG_WARN_INT_CONVERSION = YES;
				CLANG_WARN_NON_LITERAL_NULL_CONVERSION = YES;
				CLANG_WARN_OBJC_IMPLICIT_RETAIN_SELF = YES;
				CLANG_WARN_OBJC_LITERAL_CONVERSION = YES;
				CLANG_WARN_OBJC_ROOT_CLASS = YES_ERROR;
				CLANG_WARN_QUOTED_INCLUDE_IN_FRAMEWORK_HEADER = YES;
				CLANG_WARN_RANGE_LOOP_ANALYSIS = YES;
				CLANG_WARN_STRICT_PROTOTYPES = YES;
				CLANG_WARN_SUSPICIOUS_MOVE = YES;
				CLANG_WARN_UNGUARDED_AVAILABILITY = YES_AGGRESSIVE;
				CLANG_WARN_UNREACHABLE_CODE = YES;
				CLANG_WARN__DUPLICATE_METHOD_MATCH = YES;
				COPY_PHASE_STRIP = NO;
				DEBUG_INFORMATION_FORMAT = dwarf;
				ENABLE_STRICT_OBJC_MSGSEND = YES;
				ENABLE_TESTABILITY = YES;
				GCC_C_LANGUAGE_STANDARD = gnu11;
				GCC_DYNAMIC_NO_PIC = NO;
				GCC_NO_COMMON_BLOCKS = YES;
				GCC_OPTIMIZATION_LEVEL = 0;
				GCC_PREPROCESSOR_DEFINITIONS = (
					"DEBUG=1",
					"$(inherited)",
				);
				GCC_WARN_64_TO_32_BIT_CONVERSION = YES;
				GCC_WARN_ABOUT_RETURN_TYPE = YES_ERROR;
				GCC_WARN_UNDECLARED_SELECTOR = YES;
				GCC_WARN_UNINITIALIZED_AUTOS = YES_AGGRESSIVE;
				GCC_WARN_UNUSED_FUNCTION = YES;
				GCC_WARN_UNUSED_VARIABLE = YES;
				IPHONEOS_DEPLOYMENT_TARGET = 14.4;
				MTL_ENABLE_DEBUG_INFO = INCLUDE_SOURCE;
				MTL_FAST_MATH = YES;
				ONLY_ACTIVE_ARCH = YES;
				SDKROOT = iphoneos;
			};
			name = Debug;
		};
		8ECCB1C526158A0600A4484C /* Release */ = {
			isa = XCBuildConfiguration;
			buildSettings = {
				ALWAYS_SEARCH_USER_PATHS = NO;
				CLANG_ANALYZER_NONNULL = YES;
				CLANG_ANALYZER_NUMBER_OBJECT_CONVERSION = YES_AGGRESSIVE;
				CLANG_CXX_LANGUAGE_STANDARD = "gnu++14";
				CLANG_CXX_LIBRARY = "libc++";
				CLANG_ENABLE_MODULES = YES;
				CLANG_ENABLE_OBJC_ARC = YES;
				CLANG_ENABLE_OBJC_WEAK = YES;
				CLANG_WARN_BLOCK_CAPTURE_AUTORELEASING = YES;
				CLANG_WARN_BOOL_CONVERSION = YES;
				CLANG_WARN_COMMA = YES;
				CLANG_WARN_CONSTANT_CONVERSION = YES;
				CLANG_WARN_DEPRECATED_OBJC_IMPLEMENTATIONS = YES;
				CLANG_WARN_DIRECT_OBJC_ISA_USAGE = YES_ERROR;
				CLANG_WARN_DOCUMENTATION_COMMENTS = YES;
				CLANG_WARN_EMPTY_BODY = YES;
				CLANG_WARN_ENUM_CONVERSION = YES;
				CLANG_WARN_INFINITE_RECURSION = YES;
				CLANG_WARN_INT_CONVERSION = YES;
				CLANG_WARN_NON_LITERAL_NULL_CONVERSION = YES;
				CLANG_WARN_OBJC_IMPLICIT_RETAIN_SELF = YES;
				CLANG_WARN_OBJC_LITERAL_CONVERSION = YES;
				CLANG_WARN_OBJC_ROOT_CLASS = YES_ERROR;
				CLANG_WARN_QUOTED_INCLUDE_IN_FRAMEWORK_HEADER = YES;
				CLANG_WARN_RANGE_LOOP_ANALYSIS = YES;
				CLANG_WARN_STRICT_PROTOTYPES = YES;
				CLANG_WARN_SUSPICIOUS_MOVE = YES;
				CLANG_WARN_UNGUARDED_AVAILABILITY = YES_AGGRESSIVE;
				CLANG_WARN_UNREACHABLE_CODE = YES;
				CLANG_WARN__DUPLICATE_METHOD_MATCH = YES;
				COPY_PHASE_STRIP = NO;
				DEBUG_INFORMATION_FORMAT = "dwarf-with-dsym";
				ENABLE_NS_ASSERTIONS = NO;
				ENABLE_STRICT_OBJC_MSGSEND = YES;
				GCC_C_LANGUAGE_STANDARD = gnu11;
				GCC_NO_COMMON_BLOCKS = YES;
				GCC_WARN_64_TO_32_BIT_CONVERSION = YES;
				GCC_WARN_ABOUT_RETURN_TYPE = YES_ERROR;
				GCC_WARN_UNDECLARED_SELECTOR = YES;
				GCC_WARN_UNINITIALIZED_AUTOS = YES_AGGRESSIVE;
				GCC_WARN_UNUSED_FUNCTION = YES;
				GCC_WARN_UNUSED_VARIABLE = YES;
				IPHONEOS_DEPLOYMENT_TARGET = 14.4;
				MTL_ENABLE_DEBUG_INFO = NO;
				MTL_FAST_MATH = YES;
				SDKROOT = iphoneos;
				VALIDATE_PRODUCT = YES;
			};
			name = Release;
		};
		8ECCB1C726158A0600A4484C /* Debug */ = {
			isa = XCBuildConfiguration;
			baseConfigurationReference = 374C6D987C1DCA214D499DB8 /* Pods-LZDemo.debug.xcconfig */;
			buildSettings = {
				ASSETCATALOG_COMPILER_APPICON_NAME = AppIcon;
				ASSETCATALOG_COMPILER_GLOBAL_ACCENT_COLOR_NAME = AccentColor;
				CODE_SIGN_STYLE = Automatic;
				INFOPLIST_FILE = LZDemo/Info.plist;
				LD_RUNPATH_SEARCH_PATHS = (
					"$(inherited)",
					"@executable_path/Frameworks",
				);
				PRODUCT_BUNDLE_IDENTIFIER = com.kaoyaya.LZDemo;
				PRODUCT_NAME = "$(TARGET_NAME)";
				TARGETED_DEVICE_FAMILY = "1,2";
			};
			name = Debug;
		};
		8ECCB1C826158A0600A4484C /* Release */ = {
			isa = XCBuildConfiguration;
			baseConfigurationReference = A4F83016777F360E5524D187 /* Pods-LZDemo.release.xcconfig */;
			buildSettings = {
				ASSETCATALOG_COMPILER_APPICON_NAME = AppIcon;
				ASSETCATALOG_COMPILER_GLOBAL_ACCENT_COLOR_NAME = AccentColor;
				CODE_SIGN_STYLE = Automatic;
				INFOPLIST_FILE = LZDemo/Info.plist;
				LD_RUNPATH_SEARCH_PATHS = (
					"$(inherited)",
					"@executable_path/Frameworks",
				);
				PRODUCT_BUNDLE_IDENTIFIER = com.kaoyaya.LZDemo;
				PRODUCT_NAME = "$(TARGET_NAME)";
				TARGETED_DEVICE_FAMILY = "1,2";
			};
			name = Release;
		};
/* End XCBuildConfiguration section */

/* Begin XCConfigurationList section */
		8ECCB1A826158A0400A4484C /* Build configuration list for PBXProject "LZDemo" */ = {
			isa = XCConfigurationList;
			buildConfigurations = (
				8ECCB1C426158A0600A4484C /* Debug */,
				8ECCB1C526158A0600A4484C /* Release */,
			);
			defaultConfigurationIsVisible = 0;
			defaultConfigurationName = Release;
		};
		8ECCB1C626158A0600A4484C /* Build configuration list for PBXNativeTarget "LZDemo" */ = {
			isa = XCConfigurationList;
			buildConfigurations = (
				8ECCB1C726158A0600A4484C /* Debug */,
				8ECCB1C826158A0600A4484C /* Release */,
			);
			defaultConfigurationIsVisible = 0;
			defaultConfigurationName = Release;
		};
/* End XCConfigurationList section */
	};
	rootObject = 8ECCB1A526158A0400A4484C /* Project object */;
}
